
Microsoft Visual Studio Solution File, Format Version 12.00
# Visual Studio Version 17
VisualStudioVersion = 17.13.35931.197 d17.13
MinimumVisualStudioVersion = 10.0.40219.1
Project("{FAE04EC0-301F-11D3-BF4B-00C04F79EFBC}") = "SocketServer", "SocketServer\SocketServer.csproj", "{9C69FCA1-4764-4283-B081-93ACE23D44A7}"
EndProject
Global
	GlobalSection(SolutionConfigurationPlatforms) = preSolution
		Debug|Any CPU = Debug|Any CPU
		Release|Any CPU = Release|Any CPU
	EndGlobalSection
	GlobalSection(ProjectConfigurationPlatforms) = postSolution
		{9C69FCA1-4764-4283-B081-93ACE23D44A7}.Debug|Any CPU.ActiveCfg = Debug|Any CPU
		{9C69FCA1-4764-4283-B081-93ACE23D44A7}.Debug|Any CPU.Build.0 = Debug|Any CPU
		{9C69FCA1-4764-4283-B081-93ACE23D44A7}.Release|Any CPU.ActiveCfg = Release|Any CPU
		{9C69FCA1-4764-4283-B081-93ACE23D44A7}.Release|Any CPU.Build.0 = Release|Any CPU
	EndGlobalSection
	GlobalSection(SolutionProperties) = preSolution
		HideSolutionNode = FALSE
	EndGlobalSection
	GlobalSection(ExtensibilityGlobals) = postSolution
		SolutionGuid = {1D0D72E1-9936-4DB7-AC8D-997CAE24C827}
	EndGlobalSection
EndGlobal
