
Microsoft Visual Studio Solution File, Format Version 12.00
# Visual Studio Version 17
VisualStudioVersion = 17.13.35931.197 d17.13
MinimumVisualStudioVersion = 10.0.40219.1
Project("{FAE04EC0-301F-11D3-BF4B-00C04F79EFBC}") = "SocketCliente", "SocketCliente\SocketCliente.csproj", "{9125DD80-FEA6-4575-B44A-D56DC1F18147}"
EndProject
Global
	GlobalSection(SolutionConfigurationPlatforms) = preSolution
		Debug|Any CPU = Debug|Any CPU
		Release|Any CPU = Release|Any CPU
	EndGlobalSection
	GlobalSection(ProjectConfigurationPlatforms) = postSolution
		{9125DD80-FEA6-4575-B44A-D56DC1F18147}.Debug|Any CPU.ActiveCfg = Debug|Any CPU
		{9125DD80-FEA6-4575-B44A-D56DC1F18147}.Debug|Any CPU.Build.0 = Debug|Any CPU
		{9125DD80-FEA6-4575-B44A-D56DC1F18147}.Release|Any CPU.ActiveCfg = Release|Any CPU
		{9125DD80-FEA6-4575-B44A-D56DC1F18147}.Release|Any CPU.Build.0 = Release|Any CPU
	EndGlobalSection
	GlobalSection(SolutionProperties) = preSolution
		HideSolutionNode = FALSE
	EndGlobalSection
	GlobalSection(ExtensibilityGlobals) = postSolution
		SolutionGuid = {593B1E9B-1799-41B9-89F9-E53413AF2D9F}
	EndGlobalSection
EndGlobal
